// !$*UTF8*$!
{
	archiveVersion = 1;
	classes = {
	};
	objectVersion = 51;
	objects = {

/* Begin PBXBuildFile section */
		07510220C4C01997F0979C99 /* Pods_PokeAppTests.framework in Frameworks */ = {isa = PBXBuildFile; fileRef = 4A745B12BC5169EF4A99EA41 /* Pods_PokeAppTests.framework */; };
		31F13C5CF5D599F5AC4BA8B7 /* Pods_PokeApp.framework in Frameworks */ = {isa = PBXBuildFile; fileRef = 9D141EEB0008D14F4DFF4C00 /* Pods_PokeApp.framework */; };
		897AD53E25E52F880096AA9E /* AppDelegate.swift in Sources */ = {isa = PBXBuildFile; fileRef = 897AD53D25E52F880096AA9E /* AppDelegate.swift */; };
		897AD54025E52F880096AA9E /* SceneDelegate.swift in Sources */ = {isa = PBXBuildFile; fileRef = 897AD53F25E52F880096AA9E /* SceneDelegate.swift */; };
		897AD54725E52F8A0096AA9E /* Assets.xcassets in Resources */ = {isa = PBXBuildFile; fileRef = 897AD54625E52F8A0096AA9E /* Assets.xcassets */; };
		897AD54A25E52F8A0096AA9E /* LaunchScreen.storyboard in Resources */ = {isa = PBXBuildFile; fileRef = 897AD54825E52F8A0096AA9E /* LaunchScreen.storyboard */; };
		897AD55525E52F8B0096AA9E /* PokeAppTests.swift in Sources */ = {isa = PBXBuildFile; fileRef = 897AD55425E52F8B0096AA9E /* PokeAppTests.swift */; };
		897AD56025E52F8B0096AA9E /* PokeAppUITests.swift in Sources */ = {isa = PBXBuildFile; fileRef = 897AD55F25E52F8B0096AA9E /* PokeAppUITests.swift */; };
		897EC12A25E7165C00D0A38C /* RegionPresenter.swift in Sources */ = {isa = PBXBuildFile; fileRef = 897EC12325E7165C00D0A38C /* RegionPresenter.swift */; };
		897EC12C25E7165C00D0A38C /* RegionProtocols.swift in Sources */ = {isa = PBXBuildFile; fileRef = 897EC12525E7165C00D0A38C /* RegionProtocols.swift */; };
		897EC12D25E7165C00D0A38C /* RegionInteractor.swift in Sources */ = {isa = PBXBuildFile; fileRef = 897EC12625E7165C00D0A38C /* RegionInteractor.swift */; };
		897EC12E25E7165C00D0A38C /* RegionView.swift in Sources */ = {isa = PBXBuildFile; fileRef = 897EC12725E7165C00D0A38C /* RegionView.swift */; };
		897EC12F25E7165C00D0A38C /* RegionRemoteDataManager.swift in Sources */ = {isa = PBXBuildFile; fileRef = 897EC12825E7165C00D0A38C /* RegionRemoteDataManager.swift */; };
		897EC13025E7165C00D0A38C /* RegionWireFrame.swift in Sources */ = {isa = PBXBuildFile; fileRef = 897EC12925E7165C00D0A38C /* RegionWireFrame.swift */; };
		897EC14025E7293E00D0A38C /* RegionDetail.swift in Sources */ = {isa = PBXBuildFile; fileRef = 897EC13F25E7293E00D0A38C /* RegionDetail.swift */; };
		897EC14525E72A4D00D0A38C /* Pokedex.swift in Sources */ = {isa = PBXBuildFile; fileRef = 897EC14425E72A4D00D0A38C /* Pokedex.swift */; };
		897EC15F25E7337600D0A38C /* Group.swift in Sources */ = {isa = PBXBuildFile; fileRef = 897EC15E25E7337600D0A38C /* Group.swift */; };
		897EC16725E733F300D0A38C /* Pokemon.swift in Sources */ = {isa = PBXBuildFile; fileRef = 897EC16625E733F300D0A38C /* Pokemon.swift */; };
		897EC16C25E737B800D0A38C /* GroupService.swift in Sources */ = {isa = PBXBuildFile; fileRef = 897EC16B25E737B800D0A38C /* GroupService.swift */; };
		897EC17225E738B800D0A38C /* FirestoreManager.swift in Sources */ = {isa = PBXBuildFile; fileRef = 897EC17125E738B800D0A38C /* FirestoreManager.swift */; };
		897EC17725E73A6600D0A38C /* Codable+Extension.swift in Sources */ = {isa = PBXBuildFile; fileRef = 897EC17625E73A6600D0A38C /* Codable+Extension.swift */; };
		897EC17C25E7456C00D0A38C /* QueryFilter.swift in Sources */ = {isa = PBXBuildFile; fileRef = 897EC17B25E7456C00D0A38C /* QueryFilter.swift */; };
		89A35C2F25E5CBA1008010C3 /* GoogleService-Info.plist in Resources */ = {isa = PBXBuildFile; fileRef = 89A35C2E25E5CBA1008010C3 /* GoogleService-Info.plist */; };
		89A35CA525E5D3D5008010C3 /* LoginPresenter.swift in Sources */ = {isa = PBXBuildFile; fileRef = 89A35C9E25E5D3D5008010C3 /* LoginPresenter.swift */; };
		89A35CA725E5D3D5008010C3 /* LoginProtocols.swift in Sources */ = {isa = PBXBuildFile; fileRef = 89A35CA025E5D3D5008010C3 /* LoginProtocols.swift */; };
		89A35CA825E5D3D5008010C3 /* LoginInteractor.swift in Sources */ = {isa = PBXBuildFile; fileRef = 89A35CA125E5D3D5008010C3 /* LoginInteractor.swift */; };
		89A35CA925E5D3D5008010C3 /* LoginView.swift in Sources */ = {isa = PBXBuildFile; fileRef = 89A35CA225E5D3D5008010C3 /* LoginView.swift */; };
		89A35CAB25E5D3D5008010C3 /* LoginWireFrame.swift in Sources */ = {isa = PBXBuildFile; fileRef = 89A35CA425E5D3D5008010C3 /* LoginWireFrame.swift */; };
		89A35CCD25E5DF2F008010C3 /* Builder.swift in Sources */ = {isa = PBXBuildFile; fileRef = 89A35CCC25E5DF2F008010C3 /* Builder.swift */; };
		89A35CD525E5DF58008010C3 /* ButtonBuilder.swift in Sources */ = {isa = PBXBuildFile; fileRef = 89A35CD425E5DF58008010C3 /* ButtonBuilder.swift */; };
		89A35CDA25E5DF85008010C3 /* ViewBuilder.swift in Sources */ = {isa = PBXBuildFile; fileRef = 89A35CD925E5DF85008010C3 /* ViewBuilder.swift */; };
		89A35CDF25E5DFC6008010C3 /* LabelBuilder.swift in Sources */ = {isa = PBXBuildFile; fileRef = 89A35CDE25E5DFC5008010C3 /* LabelBuilder.swift */; };
		89A35D1725E5E579008010C3 /* BaseViewController.swift in Sources */ = {isa = PBXBuildFile; fileRef = 89A35D1625E5E579008010C3 /* BaseViewController.swift */; };
		89A35D1D25E5EC51008010C3 /* UIColor+Extension.swift in Sources */ = {isa = PBXBuildFile; fileRef = 89A35D1C25E5EC51008010C3 /* UIColor+Extension.swift */; };
		89A35D2825E5F0D2008010C3 /* UIAlertController+Extension.swift in Sources */ = {isa = PBXBuildFile; fileRef = 89A35D2725E5F0D2008010C3 /* UIAlertController+Extension.swift */; };
		89A35D2D25E60699008010C3 /* APIManager.swift in Sources */ = {isa = PBXBuildFile; fileRef = 89A35D2C25E60699008010C3 /* APIManager.swift */; };
		89A35D3325E60711008010C3 /* APIResponse.swift in Sources */ = {isa = PBXBuildFile; fileRef = 89A35D3225E60711008010C3 /* APIResponse.swift */; };
		89A35D4225E60B68008010C3 /* HomePresenter.swift in Sources */ = {isa = PBXBuildFile; fileRef = 89A35D3B25E60B68008010C3 /* HomePresenter.swift */; };
		89A35D4425E60B68008010C3 /* HomeProtocols.swift in Sources */ = {isa = PBXBuildFile; fileRef = 89A35D3D25E60B68008010C3 /* HomeProtocols.swift */; };
		89A35D4525E60B68008010C3 /* HomeInteractor.swift in Sources */ = {isa = PBXBuildFile; fileRef = 89A35D3E25E60B68008010C3 /* HomeInteractor.swift */; };
		89A35D4625E60B68008010C3 /* HomeView.swift in Sources */ = {isa = PBXBuildFile; fileRef = 89A35D3F25E60B68008010C3 /* HomeView.swift */; };
		89A35D4725E60B68008010C3 /* HomeRemoteDataManager.swift in Sources */ = {isa = PBXBuildFile; fileRef = 89A35D4025E60B68008010C3 /* HomeRemoteDataManager.swift */; };
		89A35D4825E60B68008010C3 /* HomeWireFrame.swift in Sources */ = {isa = PBXBuildFile; fileRef = 89A35D4125E60B68008010C3 /* HomeWireFrame.swift */; };
		89A35D5725E60EA8008010C3 /* Region.swift in Sources */ = {isa = PBXBuildFile; fileRef = 89A35D5625E60EA8008010C3 /* Region.swift */; };
		89A35D6325E6755D008010C3 /* RegionService.swift in Sources */ = {isa = PBXBuildFile; fileRef = 89A35D6225E6755D008010C3 /* RegionService.swift */; };
		89C8F0D025E6946500A5B193 /* CommonControls.swift in Sources */ = {isa = PBXBuildFile; fileRef = 89C8F0CF25E6946500A5B193 /* CommonControls.swift */; };
		89C8F0D525E6BE5800A5B193 /* UserApp.swift in Sources */ = {isa = PBXBuildFile; fileRef = 89C8F0D425E6BE5800A5B193 /* UserApp.swift */; };
		9986F17C9B79D4FF71054180 /* Pods_PokeApp_PokeAppUITests.framework in Frameworks */ = {isa = PBXBuildFile; fileRef = 2D15A7FD9E9EC9A443D88A77 /* Pods_PokeApp_PokeAppUITests.framework */; };
/* End PBXBuildFile section */

/* Begin PBXContainerItemProxy section */
		897AD55125E52F8B0096AA9E /* PBXContainerItemProxy */ = {
			isa = PBXContainerItemProxy;
			containerPortal = 897AD53225E52F880096AA9E /* Project object */;
			proxyType = 1;
			remoteGlobalIDString = 897AD53925E52F880096AA9E;
			remoteInfo = PokeApp;
		};
		897AD55C25E52F8B0096AA9E /* PBXContainerItemProxy */ = {
			isa = PBXContainerItemProxy;
			containerPortal = 897AD53225E52F880096AA9E /* Project object */;
			proxyType = 1;
			remoteGlobalIDString = 897AD53925E52F880096AA9E;
			remoteInfo = PokeApp;
		};
/* End PBXContainerItemProxy section */

/* Begin PBXFileReference section */
		1FF90FDCB0537F95DBA2C4EE /* Pods-PokeAppTests.debug.xcconfig */ = {isa = PBXFileReference; includeInIndex = 1; lastKnownFileType = text.xcconfig; name = "Pods-PokeAppTests.debug.xcconfig"; path = "Target Support Files/Pods-PokeAppTests/Pods-PokeAppTests.debug.xcconfig"; sourceTree = "<group>"; };
		21B07CC21363A2BA96AD4A5B /* Pods-PokeApp.debug.xcconfig */ = {isa = PBXFileReference; includeInIndex = 1; lastKnownFileType = text.xcconfig; name = "Pods-PokeApp.debug.xcconfig"; path = "Target Support Files/Pods-PokeApp/Pods-PokeApp.debug.xcconfig"; sourceTree = "<group>"; };
		2D15A7FD9E9EC9A443D88A77 /* Pods_PokeApp_PokeAppUITests.framework */ = {isa = PBXFileReference; explicitFileType = wrapper.framework; includeInIndex = 0; path = Pods_PokeApp_PokeAppUITests.framework; sourceTree = BUILT_PRODUCTS_DIR; };
		4A745B12BC5169EF4A99EA41 /* Pods_PokeAppTests.framework */ = {isa = PBXFileReference; explicitFileType = wrapper.framework; includeInIndex = 0; path = Pods_PokeAppTests.framework; sourceTree = BUILT_PRODUCTS_DIR; };
		77A602DB6B03998A18B24A86 /* Pods-PokeApp-PokeAppUITests.debug.xcconfig */ = {isa = PBXFileReference; includeInIndex = 1; lastKnownFileType = text.xcconfig; name = "Pods-PokeApp-PokeAppUITests.debug.xcconfig"; path = "Target Support Files/Pods-PokeApp-PokeAppUITests/Pods-PokeApp-PokeAppUITests.debug.xcconfig"; sourceTree = "<group>"; };
		897AD53A25E52F880096AA9E /* PokeApp.app */ = {isa = PBXFileReference; explicitFileType = wrapper.application; includeInIndex = 0; path = PokeApp.app; sourceTree = BUILT_PRODUCTS_DIR; };
		897AD53D25E52F880096AA9E /* AppDelegate.swift */ = {isa = PBXFileReference; lastKnownFileType = sourcecode.swift; path = AppDelegate.swift; sourceTree = "<group>"; };
		897AD53F25E52F880096AA9E /* SceneDelegate.swift */ = {isa = PBXFileReference; lastKnownFileType = sourcecode.swift; path = SceneDelegate.swift; sourceTree = "<group>"; };
		897AD54625E52F8A0096AA9E /* Assets.xcassets */ = {isa = PBXFileReference; lastKnownFileType = folder.assetcatalog; path = Assets.xcassets; sourceTree = "<group>"; };
		897AD54925E52F8A0096AA9E /* Base */ = {isa = PBXFileReference; lastKnownFileType = file.storyboard; name = Base; path = Base.lproj/LaunchScreen.storyboard; sourceTree = "<group>"; };
		897AD54B25E52F8A0096AA9E /* Info.plist */ = {isa = PBXFileReference; lastKnownFileType = text.plist.xml; path = Info.plist; sourceTree = "<group>"; };
		897AD55025E52F8B0096AA9E /* PokeAppTests.xctest */ = {isa = PBXFileReference; explicitFileType = wrapper.cfbundle; includeInIndex = 0; path = PokeAppTests.xctest; sourceTree = BUILT_PRODUCTS_DIR; };
		897AD55425E52F8B0096AA9E /* PokeAppTests.swift */ = {isa = PBXFileReference; lastKnownFileType = sourcecode.swift; path = PokeAppTests.swift; sourceTree = "<group>"; };
		897AD55625E52F8B0096AA9E /* Info.plist */ = {isa = PBXFileReference; lastKnownFileType = text.plist.xml; path = Info.plist; sourceTree = "<group>"; };
		897AD55B25E52F8B0096AA9E /* PokeAppUITests.xctest */ = {isa = PBXFileReference; explicitFileType = wrapper.cfbundle; includeInIndex = 0; path = PokeAppUITests.xctest; sourceTree = BUILT_PRODUCTS_DIR; };
		897AD55F25E52F8B0096AA9E /* PokeAppUITests.swift */ = {isa = PBXFileReference; lastKnownFileType = sourcecode.swift; path = PokeAppUITests.swift; sourceTree = "<group>"; };
		897AD56125E52F8B0096AA9E /* Info.plist */ = {isa = PBXFileReference; lastKnownFileType = text.plist.xml; path = Info.plist; sourceTree = "<group>"; };
		897EC12325E7165C00D0A38C /* RegionPresenter.swift */ = {isa = PBXFileReference; lastKnownFileType = sourcecode.swift; path = RegionPresenter.swift; sourceTree = "<group>"; };
		897EC12525E7165C00D0A38C /* RegionProtocols.swift */ = {isa = PBXFileReference; lastKnownFileType = sourcecode.swift; path = RegionProtocols.swift; sourceTree = "<group>"; };
		897EC12625E7165C00D0A38C /* RegionInteractor.swift */ = {isa = PBXFileReference; lastKnownFileType = sourcecode.swift; path = RegionInteractor.swift; sourceTree = "<group>"; };
		897EC12725E7165C00D0A38C /* RegionView.swift */ = {isa = PBXFileReference; lastKnownFileType = sourcecode.swift; path = RegionView.swift; sourceTree = "<group>"; };
		897EC12825E7165C00D0A38C /* RegionRemoteDataManager.swift */ = {isa = PBXFileReference; lastKnownFileType = sourcecode.swift; path = RegionRemoteDataManager.swift; sourceTree = "<group>"; };
		897EC12925E7165C00D0A38C /* RegionWireFrame.swift */ = {isa = PBXFileReference; lastKnownFileType = sourcecode.swift; path = RegionWireFrame.swift; sourceTree = "<group>"; };
		897EC13F25E7293E00D0A38C /* RegionDetail.swift */ = {isa = PBXFileReference; lastKnownFileType = sourcecode.swift; path = RegionDetail.swift; sourceTree = "<group>"; };
		897EC14425E72A4D00D0A38C /* Pokedex.swift */ = {isa = PBXFileReference; lastKnownFileType = sourcecode.swift; path = Pokedex.swift; sourceTree = "<group>"; };
		897EC15E25E7337600D0A38C /* Group.swift */ = {isa = PBXFileReference; lastKnownFileType = sourcecode.swift; path = Group.swift; sourceTree = "<group>"; };
		897EC16625E733F300D0A38C /* Pokemon.swift */ = {isa = PBXFileReference; lastKnownFileType = sourcecode.swift; path = Pokemon.swift; sourceTree = "<group>"; };
		897EC16B25E737B800D0A38C /* GroupService.swift */ = {isa = PBXFileReference; lastKnownFileType = sourcecode.swift; path = GroupService.swift; sourceTree = "<group>"; };
		897EC17125E738B800D0A38C /* FirestoreManager.swift */ = {isa = PBXFileReference; lastKnownFileType = sourcecode.swift; path = FirestoreManager.swift; sourceTree = "<group>"; };
		897EC17625E73A6600D0A38C /* Codable+Extension.swift */ = {isa = PBXFileReference; lastKnownFileType = sourcecode.swift; path = "Codable+Extension.swift"; sourceTree = "<group>"; };
		897EC17B25E7456C00D0A38C /* QueryFilter.swift */ = {isa = PBXFileReference; lastKnownFileType = sourcecode.swift; path = QueryFilter.swift; sourceTree = "<group>"; };
		89A35C2E25E5CBA1008010C3 /* GoogleService-Info.plist */ = {isa = PBXFileReference; fileEncoding = 4; lastKnownFileType = text.plist.xml; path = "GoogleService-Info.plist"; sourceTree = "<group>"; };
		89A35C9E25E5D3D5008010C3 /* LoginPresenter.swift */ = {isa = PBXFileReference; lastKnownFileType = sourcecode.swift; path = LoginPresenter.swift; sourceTree = "<group>"; };
		89A35CA025E5D3D5008010C3 /* LoginProtocols.swift */ = {isa = PBXFileReference; lastKnownFileType = sourcecode.swift; path = LoginProtocols.swift; sourceTree = "<group>"; };
		89A35CA125E5D3D5008010C3 /* LoginInteractor.swift */ = {isa = PBXFileReference; lastKnownFileType = sourcecode.swift; path = LoginInteractor.swift; sourceTree = "<group>"; };
		89A35CA225E5D3D5008010C3 /* LoginView.swift */ = {isa = PBXFileReference; lastKnownFileType = sourcecode.swift; path = LoginView.swift; sourceTree = "<group>"; };
		89A35CA425E5D3D5008010C3 /* LoginWireFrame.swift */ = {isa = PBXFileReference; lastKnownFileType = sourcecode.swift; path = LoginWireFrame.swift; sourceTree = "<group>"; };
		89A35CCC25E5DF2F008010C3 /* Builder.swift */ = {isa = PBXFileReference; lastKnownFileType = sourcecode.swift; path = Builder.swift; sourceTree = "<group>"; };
		89A35CD425E5DF58008010C3 /* ButtonBuilder.swift */ = {isa = PBXFileReference; lastKnownFileType = sourcecode.swift; path = ButtonBuilder.swift; sourceTree = "<group>"; };
		89A35CD925E5DF85008010C3 /* ViewBuilder.swift */ = {isa = PBXFileReference; lastKnownFileType = sourcecode.swift; path = ViewBuilder.swift; sourceTree = "<group>"; };
		89A35CDE25E5DFC5008010C3 /* LabelBuilder.swift */ = {isa = PBXFileReference; lastKnownFileType = sourcecode.swift; path = LabelBuilder.swift; sourceTree = "<group>"; };
		89A35D1625E5E579008010C3 /* BaseViewController.swift */ = {isa = PBXFileReference; lastKnownFileType = sourcecode.swift; path = BaseViewController.swift; sourceTree = "<group>"; };
		89A35D1C25E5EC51008010C3 /* UIColor+Extension.swift */ = {isa = PBXFileReference; lastKnownFileType = sourcecode.swift; path = "UIColor+Extension.swift"; sourceTree = "<group>"; };
		89A35D2725E5F0D2008010C3 /* UIAlertController+Extension.swift */ = {isa = PBXFileReference; lastKnownFileType = sourcecode.swift; path = "UIAlertController+Extension.swift"; sourceTree = "<group>"; };
		89A35D2C25E60699008010C3 /* APIManager.swift */ = {isa = PBXFileReference; lastKnownFileType = sourcecode.swift; path = APIManager.swift; sourceTree = "<group>"; };
		89A35D3225E60711008010C3 /* APIResponse.swift */ = {isa = PBXFileReference; lastKnownFileType = sourcecode.swift; path = APIResponse.swift; sourceTree = "<group>"; };
		89A35D3B25E60B68008010C3 /* HomePresenter.swift */ = {isa = PBXFileReference; lastKnownFileType = sourcecode.swift; path = HomePresenter.swift; sourceTree = "<group>"; };
		89A35D3D25E60B68008010C3 /* HomeProtocols.swift */ = {isa = PBXFileReference; lastKnownFileType = sourcecode.swift; path = HomeProtocols.swift; sourceTree = "<group>"; };
		89A35D3E25E60B68008010C3 /* HomeInteractor.swift */ = {isa = PBXFileReference; lastKnownFileType = sourcecode.swift; path = HomeInteractor.swift; sourceTree = "<group>"; };
		89A35D3F25E60B68008010C3 /* HomeView.swift */ = {isa = PBXFileReference; lastKnownFileType = sourcecode.swift; path = HomeView.swift; sourceTree = "<group>"; };
		89A35D4025E60B68008010C3 /* HomeRemoteDataManager.swift */ = {isa = PBXFileReference; lastKnownFileType = sourcecode.swift; path = HomeRemoteDataManager.swift; sourceTree = "<group>"; };
		89A35D4125E60B68008010C3 /* HomeWireFrame.swift */ = {isa = PBXFileReference; lastKnownFileType = sourcecode.swift; path = HomeWireFrame.swift; sourceTree = "<group>"; };
		89A35D5625E60EA8008010C3 /* Region.swift */ = {isa = PBXFileReference; lastKnownFileType = sourcecode.swift; path = Region.swift; sourceTree = "<group>"; };
		89A35D6225E6755D008010C3 /* RegionService.swift */ = {isa = PBXFileReference; lastKnownFileType = sourcecode.swift; path = RegionService.swift; sourceTree = "<group>"; };
		89C8F0CF25E6946500A5B193 /* CommonControls.swift */ = {isa = PBXFileReference; lastKnownFileType = sourcecode.swift; path = CommonControls.swift; sourceTree = "<group>"; };
		89C8F0D425E6BE5800A5B193 /* UserApp.swift */ = {isa = PBXFileReference; lastKnownFileType = sourcecode.swift; path = UserApp.swift; sourceTree = "<group>"; };
		9D141EEB0008D14F4DFF4C00 /* Pods_PokeApp.framework */ = {isa = PBXFileReference; explicitFileType = wrapper.framework; includeInIndex = 0; path = Pods_PokeApp.framework; sourceTree = BUILT_PRODUCTS_DIR; };
		9F3C13AB874F8C7B3FD3AE4B /* Pods-PokeApp.release.xcconfig */ = {isa = PBXFileReference; includeInIndex = 1; lastKnownFileType = text.xcconfig; name = "Pods-PokeApp.release.xcconfig"; path = "Target Support Files/Pods-PokeApp/Pods-PokeApp.release.xcconfig"; sourceTree = "<group>"; };
		DA36B64051C209E8BB0189EC /* Pods-PokeAppTests.release.xcconfig */ = {isa = PBXFileReference; includeInIndex = 1; lastKnownFileType = text.xcconfig; name = "Pods-PokeAppTests.release.xcconfig"; path = "Target Support Files/Pods-PokeAppTests/Pods-PokeAppTests.release.xcconfig"; sourceTree = "<group>"; };
		F70B811F1AEC8F752A888DE6 /* Pods-PokeApp-PokeAppUITests.release.xcconfig */ = {isa = PBXFileReference; includeInIndex = 1; lastKnownFileType = text.xcconfig; name = "Pods-PokeApp-PokeAppUITests.release.xcconfig"; path = "Target Support Files/Pods-PokeApp-PokeAppUITests/Pods-PokeApp-PokeAppUITests.release.xcconfig"; sourceTree = "<group>"; };
/* End PBXFileReference section */

/* Begin PBXFrameworksBuildPhase section */
		897AD53725E52F880096AA9E /* Frameworks */ = {
			isa = PBXFrameworksBuildPhase;
			buildActionMask = 2147483647;
			files = (
				31F13C5CF5D599F5AC4BA8B7 /* Pods_PokeApp.framework in Frameworks */,
			);
			runOnlyForDeploymentPostprocessing = 0;
		};
		897AD54D25E52F8B0096AA9E /* Frameworks */ = {
			isa = PBXFrameworksBuildPhase;
			buildActionMask = 2147483647;
			files = (
				07510220C4C01997F0979C99 /* Pods_PokeAppTests.framework in Frameworks */,
			);
			runOnlyForDeploymentPostprocessing = 0;
		};
		897AD55825E52F8B0096AA9E /* Frameworks */ = {
			isa = PBXFrameworksBuildPhase;
			buildActionMask = 2147483647;
			files = (
				9986F17C9B79D4FF71054180 /* Pods_PokeApp_PokeAppUITests.framework in Frameworks */,
			);
			runOnlyForDeploymentPostprocessing = 0;
		};
/* End PBXFrameworksBuildPhase section */

/* Begin PBXGroup section */
		897AD53125E52F880096AA9E = {
			isa = PBXGroup;
			children = (
				897AD53C25E52F880096AA9E /* PokeApp */,
				897AD55325E52F8B0096AA9E /* PokeAppTests */,
				897AD55E25E52F8B0096AA9E /* PokeAppUITests */,
				897AD53B25E52F880096AA9E /* Products */,
				8AB969FAA24B52562CC4492D /* Pods */,
				B80C73B8D32F256040D20403 /* Frameworks */,
			);
			sourceTree = "<group>";
		};
		897AD53B25E52F880096AA9E /* Products */ = {
			isa = PBXGroup;
			children = (
				897AD53A25E52F880096AA9E /* PokeApp.app */,
				897AD55025E52F8B0096AA9E /* PokeAppTests.xctest */,
				897AD55B25E52F8B0096AA9E /* PokeAppUITests.xctest */,
			);
			name = Products;
			sourceTree = "<group>";
		};
		897AD53C25E52F880096AA9E /* PokeApp */ = {
			isa = PBXGroup;
			children = (
				89A35CBE25E5D95E008010C3 /* Abstraction */,
				89A35D6125E6754D008010C3 /* Services */,
				89A35D1B25E5EC2D008010C3 /* Extensions */,
				89A35CCB25E5DF1C008010C3 /* Builders */,
				89A35C9C25E5D1DC008010C3 /* Modules */,
				89A35C3325E5CBBC008010C3 /* Resources */,
				897AD57025E540360096AA9E /* Utils */,
				897AD53D25E52F880096AA9E /* AppDelegate.swift */,
				897AD53F25E52F880096AA9E /* SceneDelegate.swift */,
				897AD54B25E52F8A0096AA9E /* Info.plist */,
			);
			path = PokeApp;
			sourceTree = "<group>";
		};
		897AD55325E52F8B0096AA9E /* PokeAppTests */ = {
			isa = PBXGroup;
			children = (
				897AD55425E52F8B0096AA9E /* PokeAppTests.swift */,
				897AD55625E52F8B0096AA9E /* Info.plist */,
			);
			path = PokeAppTests;
			sourceTree = "<group>";
		};
		897AD55E25E52F8B0096AA9E /* PokeAppUITests */ = {
			isa = PBXGroup;
			children = (
				897AD55F25E52F8B0096AA9E /* PokeAppUITests.swift */,
				897AD56125E52F8B0096AA9E /* Info.plist */,
			);
			path = PokeAppUITests;
			sourceTree = "<group>";
		};
		897AD57025E540360096AA9E /* Utils */ = {
			isa = PBXGroup;
			children = (
				897EC17025E738A400D0A38C /* Firestore */,
				89A35CCA25E5DB67008010C3 /* API */,
				89C8F0CF25E6946500A5B193 /* CommonControls.swift */,
			);
			path = Utils;
			sourceTree = "<group>";
		};
		897EC13725E7166300D0A38C /* Region */ = {
			isa = PBXGroup;
			children = (
				897EC13E25E7292C00D0A38C /* Models */,
				897EC12325E7165C00D0A38C /* RegionPresenter.swift */,
				897EC12525E7165C00D0A38C /* RegionProtocols.swift */,
				897EC12625E7165C00D0A38C /* RegionInteractor.swift */,
				897EC12725E7165C00D0A38C /* RegionView.swift */,
				897EC12825E7165C00D0A38C /* RegionRemoteDataManager.swift */,
				897EC12925E7165C00D0A38C /* RegionWireFrame.swift */,
			);
			path = Region;
			sourceTree = "<group>";
		};
		897EC13E25E7292C00D0A38C /* Models */ = {
			isa = PBXGroup;
			children = (
				897EC13F25E7293E00D0A38C /* RegionDetail.swift */,
				897EC14425E72A4D00D0A38C /* Pokedex.swift */,
				897EC15E25E7337600D0A38C /* Group.swift */,
				897EC16625E733F300D0A38C /* Pokemon.swift */,
			);
			path = Models;
			sourceTree = "<group>";
		};
		897EC17025E738A400D0A38C /* Firestore */ = {
			isa = PBXGroup;
			children = (
				897EC17125E738B800D0A38C /* FirestoreManager.swift */,
			);
			path = Firestore;
			sourceTree = "<group>";
		};
		89A35C3325E5CBBC008010C3 /* Resources */ = {
			isa = PBXGroup;
			children = (
				897AD54825E52F8A0096AA9E /* LaunchScreen.storyboard */,
				897AD54625E52F8A0096AA9E /* Assets.xcassets */,
				89A35C2E25E5CBA1008010C3 /* GoogleService-Info.plist */,
			);
			path = Resources;
			sourceTree = "<group>";
		};
		89A35C9C25E5D1DC008010C3 /* Modules */ = {
			isa = PBXGroup;
			children = (
				897EC13725E7166300D0A38C /* Region */,
				89A35D1525E5E562008010C3 /* Common */,
				89A35D3A25E60B51008010C3 /* Home */,
				89A35C9D25E5D3C1008010C3 /* Login */,
			);
			path = Modules;
			sourceTree = "<group>";
		};
		89A35C9D25E5D3C1008010C3 /* Login */ = {
			isa = PBXGroup;
			children = (
				89A35C9E25E5D3D5008010C3 /* LoginPresenter.swift */,
				89A35CA025E5D3D5008010C3 /* LoginProtocols.swift */,
				89A35CA125E5D3D5008010C3 /* LoginInteractor.swift */,
				89A35CA225E5D3D5008010C3 /* LoginView.swift */,
				89A35CA425E5D3D5008010C3 /* LoginWireFrame.swift */,
			);
			path = Login;
			sourceTree = "<group>";
		};
		89A35CBE25E5D95E008010C3 /* Abstraction */ = {
			isa = PBXGroup;
			children = (
				89A35D3125E606F2008010C3 /* Models */,
			);
			path = Abstraction;
			sourceTree = "<group>";
		};
		89A35CCA25E5DB67008010C3 /* API */ = {
			isa = PBXGroup;
			children = (
				89A35D2C25E60699008010C3 /* APIManager.swift */,
			);
			path = API;
			sourceTree = "<group>";
		};
		89A35CCB25E5DF1C008010C3 /* Builders */ = {
			isa = PBXGroup;
			children = (
				89A35CCC25E5DF2F008010C3 /* Builder.swift */,
				89A35CD425E5DF58008010C3 /* ButtonBuilder.swift */,
				89A35CD925E5DF85008010C3 /* ViewBuilder.swift */,
				89A35CDE25E5DFC5008010C3 /* LabelBuilder.swift */,
			);
			path = Builders;
			sourceTree = "<group>";
		};
		89A35D1525E5E562008010C3 /* Common */ = {
			isa = PBXGroup;
			children = (
				89A35D1625E5E579008010C3 /* BaseViewController.swift */,
			);
			path = Common;
			sourceTree = "<group>";
		};
		89A35D1B25E5EC2D008010C3 /* Extensions */ = {
			isa = PBXGroup;
			children = (
				89A35D1C25E5EC51008010C3 /* UIColor+Extension.swift */,
				89A35D2725E5F0D2008010C3 /* UIAlertController+Extension.swift */,
				897EC17625E73A6600D0A38C /* Codable+Extension.swift */,
			);
			path = Extensions;
			sourceTree = "<group>";
		};
		89A35D3125E606F2008010C3 /* Models */ = {
			isa = PBXGroup;
			children = (
				89A35D3225E60711008010C3 /* APIResponse.swift */,
				89C8F0D425E6BE5800A5B193 /* UserApp.swift */,
				897EC17B25E7456C00D0A38C /* QueryFilter.swift */,
			);
			path = Models;
			sourceTree = "<group>";
		};
		89A35D3A25E60B51008010C3 /* Home */ = {
			isa = PBXGroup;
			children = (
				89A35D5525E60E93008010C3 /* Models */,
				89A35D3B25E60B68008010C3 /* HomePresenter.swift */,
				89A35D3D25E60B68008010C3 /* HomeProtocols.swift */,
				89A35D3E25E60B68008010C3 /* HomeInteractor.swift */,
				89A35D3F25E60B68008010C3 /* HomeView.swift */,
				89A35D4025E60B68008010C3 /* HomeRemoteDataManager.swift */,
				89A35D4125E60B68008010C3 /* HomeWireFrame.swift */,
			);
			path = Home;
			sourceTree = "<group>";
		};
		89A35D5525E60E93008010C3 /* Models */ = {
			isa = PBXGroup;
			children = (
				89A35D5625E60EA8008010C3 /* Region.swift */,
			);
			path = Models;
			sourceTree = "<group>";
		};
		89A35D6125E6754D008010C3 /* Services */ = {
			isa = PBXGroup;
			children = (
				89A35D6225E6755D008010C3 /* RegionService.swift */,
				897EC16B25E737B800D0A38C /* GroupService.swift */,
			);
			path = Services;
			sourceTree = "<group>";
		};
		8AB969FAA24B52562CC4492D /* Pods */ = {
			isa = PBXGroup;
			children = (
				21B07CC21363A2BA96AD4A5B /* Pods-PokeApp.debug.xcconfig */,
				9F3C13AB874F8C7B3FD3AE4B /* Pods-PokeApp.release.xcconfig */,
				77A602DB6B03998A18B24A86 /* Pods-PokeApp-PokeAppUITests.debug.xcconfig */,
				F70B811F1AEC8F752A888DE6 /* Pods-PokeApp-PokeAppUITests.release.xcconfig */,
				1FF90FDCB0537F95DBA2C4EE /* Pods-PokeAppTests.debug.xcconfig */,
				DA36B64051C209E8BB0189EC /* Pods-PokeAppTests.release.xcconfig */,
			);
			path = Pods;
			sourceTree = "<group>";
		};
		B80C73B8D32F256040D20403 /* Frameworks */ = {
			isa = PBXGroup;
			children = (
				9D141EEB0008D14F4DFF4C00 /* Pods_PokeApp.framework */,
				2D15A7FD9E9EC9A443D88A77 /* Pods_PokeApp_PokeAppUITests.framework */,
				4A745B12BC5169EF4A99EA41 /* Pods_PokeAppTests.framework */,
			);
			name = Frameworks;
			sourceTree = "<group>";
		};
/* End PBXGroup section */

/* Begin PBXNativeTarget section */
		897AD53925E52F880096AA9E /* PokeApp */ = {
			isa = PBXNativeTarget;
			buildConfigurationList = 897AD56425E52F8B0096AA9E /* Build configuration list for PBXNativeTarget "PokeApp" */;
			buildPhases = (
				BA4CD233D12CD4D3E4109A7B /* [CP] Check Pods Manifest.lock */,
				89A35C2625E5C9E8008010C3 /* ShellScript */,
				897AD53625E52F880096AA9E /* Sources */,
				897AD53725E52F880096AA9E /* Frameworks */,
				897AD53825E52F880096AA9E /* Resources */,
				3BD45D6317E015545685DC39 /* [CP] Embed Pods Frameworks */,
				9CA02FC74DC7D0B00E54BAE2 /* [CP] Copy Pods Resources */,
			);
			buildRules = (
			);
			dependencies = (
			);
			name = PokeApp;
			productName = PokeApp;
			productReference = 897AD53A25E52F880096AA9E /* PokeApp.app */;
			productType = "com.apple.product-type.application";
		};
		897AD54F25E52F8B0096AA9E /* PokeAppTests */ = {
			isa = PBXNativeTarget;
			buildConfigurationList = 897AD56725E52F8B0096AA9E /* Build configuration list for PBXNativeTarget "PokeAppTests" */;
			buildPhases = (
				B3685B7B5D9EA902B6B83C2F /* [CP] Check Pods Manifest.lock */,
				897AD54C25E52F8B0096AA9E /* Sources */,
				897AD54D25E52F8B0096AA9E /* Frameworks */,
				897AD54E25E52F8B0096AA9E /* Resources */,
			);
			buildRules = (
			);
			dependencies = (
				897AD55225E52F8B0096AA9E /* PBXTargetDependency */,
			);
			name = PokeAppTests;
			productName = PokeAppTests;
			productReference = 897AD55025E52F8B0096AA9E /* PokeAppTests.xctest */;
			productType = "com.apple.product-type.bundle.unit-test";
		};
		897AD55A25E52F8B0096AA9E /* PokeAppUITests */ = {
			isa = PBXNativeTarget;
			buildConfigurationList = 897AD56A25E52F8B0096AA9E /* Build configuration list for PBXNativeTarget "PokeAppUITests" */;
			buildPhases = (
				390018F161CD2ABB5764E411 /* [CP] Check Pods Manifest.lock */,
				897AD55725E52F8B0096AA9E /* Sources */,
				897AD55825E52F8B0096AA9E /* Frameworks */,
				897AD55925E52F8B0096AA9E /* Resources */,
				036787C318936CE109419E53 /* [CP] Embed Pods Frameworks */,
				A34CDC607D09253FE280CAFA /* [CP] Copy Pods Resources */,
			);
			buildRules = (
			);
			dependencies = (
				897AD55D25E52F8B0096AA9E /* PBXTargetDependency */,
			);
			name = PokeAppUITests;
			productName = PokeAppUITests;
			productReference = 897AD55B25E52F8B0096AA9E /* PokeAppUITests.xctest */;
			productType = "com.apple.product-type.bundle.ui-testing";
		};
/* End PBXNativeTarget section */

/* Begin PBXProject section */
		897AD53225E52F880096AA9E /* Project object */ = {
			isa = PBXProject;
			attributes = {
				LastSwiftUpdateCheck = 1240;
				LastUpgradeCheck = 1240;
				TargetAttributes = {
					897AD53925E52F880096AA9E = {
						CreatedOnToolsVersion = 12.4;
					};
					897AD54F25E52F8B0096AA9E = {
						CreatedOnToolsVersion = 12.4;
						TestTargetID = 897AD53925E52F880096AA9E;
					};
					897AD55A25E52F8B0096AA9E = {
						CreatedOnToolsVersion = 12.4;
						TestTargetID = 897AD53925E52F880096AA9E;
					};
				};
			};
			buildConfigurationList = 897AD53525E52F880096AA9E /* Build configuration list for PBXProject "PokeApp" */;
			compatibilityVersion = "Xcode 9.3";
			developmentRegion = en;
			hasScannedForEncodings = 0;
			knownRegions = (
				en,
				Base,
			);
			mainGroup = 897AD53125E52F880096AA9E;
			productRefGroup = 897AD53B25E52F880096AA9E /* Products */;
			projectDirPath = "";
			projectRoot = "";
			targets = (
				897AD53925E52F880096AA9E /* PokeApp */,
				897AD54F25E52F8B0096AA9E /* PokeAppTests */,
				897AD55A25E52F8B0096AA9E /* PokeAppUITests */,
			);
		};
/* End PBXProject section */

/* Begin PBXResourcesBuildPhase section */
		897AD53825E52F880096AA9E /* Resources */ = {
			isa = PBXResourcesBuildPhase;
			buildActionMask = 2147483647;
			files = (
				897AD54A25E52F8A0096AA9E /* LaunchScreen.storyboard in Resources */,
				89A35C2F25E5CBA1008010C3 /* GoogleService-Info.plist in Resources */,
				897AD54725E52F8A0096AA9E /* Assets.xcassets in Resources */,
			);
			runOnlyForDeploymentPostprocessing = 0;
		};
		897AD54E25E52F8B0096AA9E /* Resources */ = {
			isa = PBXResourcesBuildPhase;
			buildActionMask = 2147483647;
			files = (
			);
			runOnlyForDeploymentPostprocessing = 0;
		};
		897AD55925E52F8B0096AA9E /* Resources */ = {
			isa = PBXResourcesBuildPhase;
			buildActionMask = 2147483647;
			files = (
			);
			runOnlyForDeploymentPostprocessing = 0;
		};
/* End PBXResourcesBuildPhase section */

/* Begin PBXShellScriptBuildPhase section */
		036787C318936CE109419E53 /* [CP] Embed Pods Frameworks */ = {
			isa = PBXShellScriptBuildPhase;
			buildActionMask = 2147483647;
			files = (
			);
			inputFileListPaths = (
				"${PODS_ROOT}/Target Support Files/Pods-PokeApp-PokeAppUITests/Pods-PokeApp-PokeAppUITests-frameworks-${CONFIGURATION}-input-files.xcfilelist",
			);
			name = "[CP] Embed Pods Frameworks";
			outputFileListPaths = (
				"${PODS_ROOT}/Target Support Files/Pods-PokeApp-PokeAppUITests/Pods-PokeApp-PokeAppUITests-frameworks-${CONFIGURATION}-output-files.xcfilelist",
			);
			runOnlyForDeploymentPostprocessing = 0;
			shellPath = /bin/sh;
			shellScript = "\"${PODS_ROOT}/Target Support Files/Pods-PokeApp-PokeAppUITests/Pods-PokeApp-PokeAppUITests-frameworks.sh\"\n";
			showEnvVarsInLog = 0;
		};
		390018F161CD2ABB5764E411 /* [CP] Check Pods Manifest.lock */ = {
			isa = PBXShellScriptBuildPhase;
			buildActionMask = 2147483647;
			files = (
			);
			inputFileListPaths = (
			);
			inputPaths = (
				"${PODS_PODFILE_DIR_PATH}/Podfile.lock",
				"${PODS_ROOT}/Manifest.lock",
			);
			name = "[CP] Check Pods Manifest.lock";
			outputFileListPaths = (
			);
			outputPaths = (
				"$(DERIVED_FILE_DIR)/Pods-PokeApp-PokeAppUITests-checkManifestLockResult.txt",
			);
			runOnlyForDeploymentPostprocessing = 0;
			shellPath = /bin/sh;
			shellScript = "diff \"${PODS_PODFILE_DIR_PATH}/Podfile.lock\" \"${PODS_ROOT}/Manifest.lock\" > /dev/null\nif [ $? != 0 ] ; then\n    # print error to STDERR\n    echo \"error: The sandbox is not in sync with the Podfile.lock. Run 'pod install' or update your CocoaPods installation.\" >&2\n    exit 1\nfi\n# This output is used by Xcode 'outputs' to avoid re-running this script phase.\necho \"SUCCESS\" > \"${SCRIPT_OUTPUT_FILE_0}\"\n";
			showEnvVarsInLog = 0;
		};
		3BD45D6317E015545685DC39 /* [CP] Embed Pods Frameworks */ = {
			isa = PBXShellScriptBuildPhase;
			buildActionMask = 2147483647;
			files = (
			);
			inputFileListPaths = (
				"${PODS_ROOT}/Target Support Files/Pods-PokeApp/Pods-PokeApp-frameworks-${CONFIGURATION}-input-files.xcfilelist",
			);
			name = "[CP] Embed Pods Frameworks";
			outputFileListPaths = (
				"${PODS_ROOT}/Target Support Files/Pods-PokeApp/Pods-PokeApp-frameworks-${CONFIGURATION}-output-files.xcfilelist",
			);
			runOnlyForDeploymentPostprocessing = 0;
			shellPath = /bin/sh;
			shellScript = "\"${PODS_ROOT}/Target Support Files/Pods-PokeApp/Pods-PokeApp-frameworks.sh\"\n";
			showEnvVarsInLog = 0;
		};
		89A35C2625E5C9E8008010C3 /* ShellScript */ = {
			isa = PBXShellScriptBuildPhase;
			buildActionMask = 2147483647;
			files = (
			);
			inputFileListPaths = (
			);
			inputPaths = (
			);
			outputFileListPaths = (
			);
			outputPaths = (
			);
			runOnlyForDeploymentPostprocessing = 0;
			shellPath = /bin/sh;
			shellScript = "\"${PODS_ROOT}/SwiftLint/swiftlint\"\n";
		};
		9CA02FC74DC7D0B00E54BAE2 /* [CP] Copy Pods Resources */ = {
			isa = PBXShellScriptBuildPhase;
			buildActionMask = 2147483647;
			files = (
			);
			inputFileListPaths = (
				"${PODS_ROOT}/Target Support Files/Pods-PokeApp/Pods-PokeApp-resources-${CONFIGURATION}-input-files.xcfilelist",
			);
			name = "[CP] Copy Pods Resources";
			outputFileListPaths = (
				"${PODS_ROOT}/Target Support Files/Pods-PokeApp/Pods-PokeApp-resources-${CONFIGURATION}-output-files.xcfilelist",
			);
			runOnlyForDeploymentPostprocessing = 0;
			shellPath = /bin/sh;
			shellScript = "\"${PODS_ROOT}/Target Support Files/Pods-PokeApp/Pods-PokeApp-resources.sh\"\n";
			showEnvVarsInLog = 0;
		};
		A34CDC607D09253FE280CAFA /* [CP] Copy Pods Resources */ = {
			isa = PBXShellScriptBuildPhase;
			buildActionMask = 2147483647;
			files = (
			);
			inputFileListPaths = (
				"${PODS_ROOT}/Target Support Files/Pods-PokeApp-PokeAppUITests/Pods-PokeApp-PokeAppUITests-resources-${CONFIGURATION}-input-files.xcfilelist",
			);
			name = "[CP] Copy Pods Resources";
			outputFileListPaths = (
				"${PODS_ROOT}/Target Support Files/Pods-PokeApp-PokeAppUITests/Pods-PokeApp-PokeAppUITests-resources-${CONFIGURATION}-output-files.xcfilelist",
			);
			runOnlyForDeploymentPostprocessing = 0;
			shellPath = /bin/sh;
			shellScript = "\"${PODS_ROOT}/Target Support Files/Pods-PokeApp-PokeAppUITests/Pods-PokeApp-PokeAppUITests-resources.sh\"\n";
			showEnvVarsInLog = 0;
		};
		B3685B7B5D9EA902B6B83C2F /* [CP] Check Pods Manifest.lock */ = {
			isa = PBXShellScriptBuildPhase;
			buildActionMask = 2147483647;
			files = (
			);
			inputFileListPaths = (
			);
			inputPaths = (
				"${PODS_PODFILE_DIR_PATH}/Podfile.lock",
				"${PODS_ROOT}/Manifest.lock",
			);
			name = "[CP] Check Pods Manifest.lock";
			outputFileListPaths = (
			);
			outputPaths = (
				"$(DERIVED_FILE_DIR)/Pods-PokeAppTests-checkManifestLockResult.txt",
			);
			runOnlyForDeploymentPostprocessing = 0;
			shellPath = /bin/sh;
			shellScript = "diff \"${PODS_PODFILE_DIR_PATH}/Podfile.lock\" \"${PODS_ROOT}/Manifest.lock\" > /dev/null\nif [ $? != 0 ] ; then\n    # print error to STDERR\n    echo \"error: The sandbox is not in sync with the Podfile.lock. Run 'pod install' or update your CocoaPods installation.\" >&2\n    exit 1\nfi\n# This output is used by Xcode 'outputs' to avoid re-running this script phase.\necho \"SUCCESS\" > \"${SCRIPT_OUTPUT_FILE_0}\"\n";
			showEnvVarsInLog = 0;
		};
		BA4CD233D12CD4D3E4109A7B /* [CP] Check Pods Manifest.lock */ = {
			isa = PBXShellScriptBuildPhase;
			buildActionMask = 2147483647;
			files = (
			);
			inputFileListPaths = (
			);
			inputPaths = (
				"${PODS_PODFILE_DIR_PATH}/Podfile.lock",
				"${PODS_ROOT}/Manifest.lock",
			);
			name = "[CP] Check Pods Manifest.lock";
			outputFileListPaths = (
			);
			outputPaths = (
				"$(DERIVED_FILE_DIR)/Pods-PokeApp-checkManifestLockResult.txt",
			);
			runOnlyForDeploymentPostprocessing = 0;
			shellPath = /bin/sh;
			shellScript = "diff \"${PODS_PODFILE_DIR_PATH}/Podfile.lock\" \"${PODS_ROOT}/Manifest.lock\" > /dev/null\nif [ $? != 0 ] ; then\n    # print error to STDERR\n    echo \"error: The sandbox is not in sync with the Podfile.lock. Run 'pod install' or update your CocoaPods installation.\" >&2\n    exit 1\nfi\n# This output is used by Xcode 'outputs' to avoid re-running this script phase.\necho \"SUCCESS\" > \"${SCRIPT_OUTPUT_FILE_0}\"\n";
			showEnvVarsInLog = 0;
		};
/* End PBXShellScriptBuildPhase section */

/* Begin PBXSourcesBuildPhase section */
		897AD53625E52F880096AA9E /* Sources */ = {
			isa = PBXSourcesBuildPhase;
			buildActionMask = 2147483647;
			files = (
				897EC13025E7165C00D0A38C /* RegionWireFrame.swift in Sources */,
				89A35CA525E5D3D5008010C3 /* LoginPresenter.swift in Sources */,
				897EC14525E72A4D00D0A38C /* Pokedex.swift in Sources */,
				89A35D6325E6755D008010C3 /* RegionService.swift in Sources */,
				89A35CD525E5DF58008010C3 /* ButtonBuilder.swift in Sources */,
				897EC16725E733F300D0A38C /* Pokemon.swift in Sources */,
				89A35CA825E5D3D5008010C3 /* LoginInteractor.swift in Sources */,
				89A35D4225E60B68008010C3 /* HomePresenter.swift in Sources */,
				89A35D4425E60B68008010C3 /* HomeProtocols.swift in Sources */,
				89A35D5725E60EA8008010C3 /* Region.swift in Sources */,
				89A35CDA25E5DF85008010C3 /* ViewBuilder.swift in Sources */,
				89A35CDF25E5DFC6008010C3 /* LabelBuilder.swift in Sources */,
				89A35D1725E5E579008010C3 /* BaseViewController.swift in Sources */,
				897EC12E25E7165C00D0A38C /* RegionView.swift in Sources */,
				89C8F0D025E6946500A5B193 /* CommonControls.swift in Sources */,
				897AD53E25E52F880096AA9E /* AppDelegate.swift in Sources */,
				897EC14025E7293E00D0A38C /* RegionDetail.swift in Sources */,
				89C8F0D525E6BE5800A5B193 /* UserApp.swift in Sources */,
				897EC16C25E737B800D0A38C /* GroupService.swift in Sources */,
				89A35D1D25E5EC51008010C3 /* UIColor+Extension.swift in Sources */,
				89A35D4725E60B68008010C3 /* HomeRemoteDataManager.swift in Sources */,
				897EC12C25E7165C00D0A38C /* RegionProtocols.swift in Sources */,
				89A35CCD25E5DF2F008010C3 /* Builder.swift in Sources */,
				897EC12F25E7165C00D0A38C /* RegionRemoteDataManager.swift in Sources */,
				897EC12D25E7165C00D0A38C /* RegionInteractor.swift in Sources */,
				89A35CAB25E5D3D5008010C3 /* LoginWireFrame.swift in Sources */,
				89A35CA725E5D3D5008010C3 /* LoginProtocols.swift in Sources */,
				897EC17225E738B800D0A38C /* FirestoreManager.swift in Sources */,
				89A35D4825E60B68008010C3 /* HomeWireFrame.swift in Sources */,
				897AD54025E52F880096AA9E /* SceneDelegate.swift in Sources */,
				89A35D2825E5F0D2008010C3 /* UIAlertController+Extension.swift in Sources */,
				897EC15F25E7337600D0A38C /* Group.swift in Sources */,
				897EC17C25E7456C00D0A38C /* QueryFilter.swift in Sources */,
				89A35CA925E5D3D5008010C3 /* LoginView.swift in Sources */,
				897EC17725E73A6600D0A38C /* Codable+Extension.swift in Sources */,
				89A35D2D25E60699008010C3 /* APIManager.swift in Sources */,
				897EC12A25E7165C00D0A38C /* RegionPresenter.swift in Sources */,
				89A35D4525E60B68008010C3 /* HomeInteractor.swift in Sources */,
				89A35D4625E60B68008010C3 /* HomeView.swift in Sources */,
				89A35D3325E60711008010C3 /* APIResponse.swift in Sources */,
			);
			runOnlyForDeploymentPostprocessing = 0;
		};
		897AD54C25E52F8B0096AA9E /* Sources */ = {
			isa = PBXSourcesBuildPhase;
			buildActionMask = 2147483647;
			files = (
				897AD55525E52F8B0096AA9E /* PokeAppTests.swift in Sources */,
			);
			runOnlyForDeploymentPostprocessing = 0;
		};
		897AD55725E52F8B0096AA9E /* Sources */ = {
			isa = PBXSourcesBuildPhase;
			buildActionMask = 2147483647;
			files = (
				897AD56025E52F8B0096AA9E /* PokeAppUITests.swift in Sources */,
			);
			runOnlyForDeploymentPostprocessing = 0;
		};
/* End PBXSourcesBuildPhase section */

/* Begin PBXTargetDependency section */
		897AD55225E52F8B0096AA9E /* PBXTargetDependency */ = {
			isa = PBXTargetDependency;
			target = 897AD53925E52F880096AA9E /* PokeApp */;
			targetProxy = 897AD55125E52F8B0096AA9E /* PBXContainerItemProxy */;
		};
		897AD55D25E52F8B0096AA9E /* PBXTargetDependency */ = {
			isa = PBXTargetDependency;
			target = 897AD53925E52F880096AA9E /* PokeApp */;
			targetProxy = 897AD55C25E52F8B0096AA9E /* PBXContainerItemProxy */;
		};
/* End PBXTargetDependency section */

/* Begin PBXVariantGroup section */
		897AD54825E52F8A0096AA9E /* LaunchScreen.storyboard */ = {
			isa = PBXVariantGroup;
			children = (
				897AD54925E52F8A0096AA9E /* Base */,
			);
			name = LaunchScreen.storyboard;
			sourceTree = "<group>";
		};
/* End PBXVariantGroup section */

/* Begin XCBuildConfiguration section */
		897AD56225E52F8B0096AA9E /* Debug */ = {
			isa = XCBuildConfiguration;
			buildSettings = {
				ALWAYS_SEARCH_USER_PATHS = NO;
				CLANG_ANALYZER_NONNULL = YES;
				CLANG_ANALYZER_NUMBER_OBJECT_CONVERSION = YES_AGGRESSIVE;
				CLANG_CXX_LANGUAGE_STANDARD = "gnu++14";
				CLANG_CXX_LIBRARY = "libc++";
				CLANG_ENABLE_MODULES = YES;
				CLANG_ENABLE_OBJC_ARC = YES;
				CLANG_ENABLE_OBJC_WEAK = YES;
				CLANG_WARN_BLOCK_CAPTURE_AUTORELEASING = YES;
				CLANG_WARN_BOOL_CONVERSION = YES;
				CLANG_WARN_COMMA = YES;
				CLANG_WARN_CONSTANT_CONVERSION = YES;
				CLANG_WARN_DEPRECATED_OBJC_IMPLEMENTATIONS = YES;
				CLANG_WARN_DIRECT_OBJC_ISA_USAGE = YES_ERROR;
				CLANG_WARN_DOCUMENTATION_COMMENTS = YES;
				CLANG_WARN_EMPTY_BODY = YES;
				CLANG_WARN_ENUM_CONVERSION = YES;
				CLANG_WARN_INFINITE_RECURSION = YES;
				CLANG_WARN_INT_CONVERSION = YES;
				CLANG_WARN_NON_LITERAL_NULL_CONVERSION = YES;
				CLANG_WARN_OBJC_IMPLICIT_RETAIN_SELF = YES;
				CLANG_WARN_OBJC_LITERAL_CONVERSION = YES;
				CLANG_WARN_OBJC_ROOT_CLASS = YES_ERROR;
				CLANG_WARN_QUOTED_INCLUDE_IN_FRAMEWORK_HEADER = YES;
				CLANG_WARN_RANGE_LOOP_ANALYSIS = YES;
				CLANG_WARN_STRICT_PROTOTYPES = YES;
				CLANG_WARN_SUSPICIOUS_MOVE = YES;
				CLANG_WARN_UNGUARDED_AVAILABILITY = YES_AGGRESSIVE;
				CLANG_WARN_UNREACHABLE_CODE = YES;
				CLANG_WARN__DUPLICATE_METHOD_MATCH = YES;
				COPY_PHASE_STRIP = NO;
				DEBUG_INFORMATION_FORMAT = dwarf;
				ENABLE_STRICT_OBJC_MSGSEND = YES;
				ENABLE_TESTABILITY = YES;
				GCC_C_LANGUAGE_STANDARD = gnu11;
				GCC_DYNAMIC_NO_PIC = NO;
				GCC_NO_COMMON_BLOCKS = YES;
				GCC_OPTIMIZATION_LEVEL = 0;
				GCC_PREPROCESSOR_DEFINITIONS = (
					"DEBUG=1",
					"$(inherited)",
				);
				GCC_WARN_64_TO_32_BIT_CONVERSION = YES;
				GCC_WARN_ABOUT_RETURN_TYPE = YES_ERROR;
				GCC_WARN_UNDECLARED_SELECTOR = YES;
				GCC_WARN_UNINITIALIZED_AUTOS = YES_AGGRESSIVE;
				GCC_WARN_UNUSED_FUNCTION = YES;
				GCC_WARN_UNUSED_VARIABLE = YES;
				IPHONEOS_DEPLOYMENT_TARGET = 14.4;
				MTL_ENABLE_DEBUG_INFO = INCLUDE_SOURCE;
				MTL_FAST_MATH = YES;
				ONLY_ACTIVE_ARCH = YES;
				SDKROOT = iphoneos;
				SWIFT_ACTIVE_COMPILATION_CONDITIONS = DEBUG;
				SWIFT_OPTIMIZATION_LEVEL = "-Onone";
			};
			name = Debug;
		};
		897AD56325E52F8B0096AA9E /* Release */ = {
			isa = XCBuildConfiguration;
			buildSettings = {
				ALWAYS_SEARCH_USER_PATHS = NO;
				CLANG_ANALYZER_NONNULL = YES;
				CLANG_ANALYZER_NUMBER_OBJECT_CONVERSION = YES_AGGRESSIVE;
				CLANG_CXX_LANGUAGE_STANDARD = "gnu++14";
				CLANG_CXX_LIBRARY = "libc++";
				CLANG_ENABLE_MODULES = YES;
				CLANG_ENABLE_OBJC_ARC = YES;
				CLANG_ENABLE_OBJC_WEAK = YES;
				CLANG_WARN_BLOCK_CAPTURE_AUTORELEASING = YES;
				CLANG_WARN_BOOL_CONVERSION = YES;
				CLANG_WARN_COMMA = YES;
				CLANG_WARN_CONSTANT_CONVERSION = YES;
				CLANG_WARN_DEPRECATED_OBJC_IMPLEMENTATIONS = YES;
				CLANG_WARN_DIRECT_OBJC_ISA_USAGE = YES_ERROR;
				CLANG_WARN_DOCUMENTATION_COMMENTS = YES;
				CLANG_WARN_EMPTY_BODY = YES;
				CLANG_WARN_ENUM_CONVERSION = YES;
				CLANG_WARN_INFINITE_RECURSION = YES;
				CLANG_WARN_INT_CONVERSION = YES;
				CLANG_WARN_NON_LITERAL_NULL_CONVERSION = YES;
				CLANG_WARN_OBJC_IMPLICIT_RETAIN_SELF = YES;
				CLANG_WARN_OBJC_LITERAL_CONVERSION = YES;
				CLANG_WARN_OBJC_ROOT_CLASS = YES_ERROR;
				CLANG_WARN_QUOTED_INCLUDE_IN_FRAMEWORK_HEADER = YES;
				CLANG_WARN_RANGE_LOOP_ANALYSIS = YES;
				CLANG_WARN_STRICT_PROTOTYPES = YES;
				CLANG_WARN_SUSPICIOUS_MOVE = YES;
				CLANG_WARN_UNGUARDED_AVAILABILITY = YES_AGGRESSIVE;
				CLANG_WARN_UNREACHABLE_CODE = YES;
				CLANG_WARN__DUPLICATE_METHOD_MATCH = YES;
				COPY_PHASE_STRIP = NO;
				DEBUG_INFORMATION_FORMAT = "dwarf-with-dsym";
				ENABLE_NS_ASSERTIONS = NO;
				ENABLE_STRICT_OBJC_MSGSEND = YES;
				GCC_C_LANGUAGE_STANDARD = gnu11;
				GCC_NO_COMMON_BLOCKS = YES;
				GCC_WARN_64_TO_32_BIT_CONVERSION = YES;
				GCC_WARN_ABOUT_RETURN_TYPE = YES_ERROR;
				GCC_WARN_UNDECLARED_SELECTOR = YES;
				GCC_WARN_UNINITIALIZED_AUTOS = YES_AGGRESSIVE;
				GCC_WARN_UNUSED_FUNCTION = YES;
				GCC_WARN_UNUSED_VARIABLE = YES;
				IPHONEOS_DEPLOYMENT_TARGET = 14.4;
				MTL_ENABLE_DEBUG_INFO = NO;
				MTL_FAST_MATH = YES;
				SDKROOT = iphoneos;
				SWIFT_COMPILATION_MODE = wholemodule;
				SWIFT_OPTIMIZATION_LEVEL = "-O";
				VALIDATE_PRODUCT = YES;
			};
			name = Release;
		};
		897AD56525E52F8B0096AA9E /* Debug */ = {
			isa = XCBuildConfiguration;
			baseConfigurationReference = 21B07CC21363A2BA96AD4A5B /* Pods-PokeApp.debug.xcconfig */;
			buildSettings = {
				ASSETCATALOG_COMPILER_APPICON_NAME = AppIcon;
				ASSETCATALOG_COMPILER_GLOBAL_ACCENT_COLOR_NAME = AccentColor;
				CODE_SIGN_STYLE = Automatic;
				DEVELOPMENT_TEAM = LPWYF22VV5;
				INFOPLIST_FILE = PokeApp/Info.plist;
				LD_RUNPATH_SEARCH_PATHS = (
					"$(inherited)",
					"@executable_path/Frameworks",
				);
				PRODUCT_BUNDLE_IDENTIFIER = me.luistejada.PokeApp;
				PRODUCT_NAME = "$(TARGET_NAME)";
				SWIFT_VERSION = 5.0;
				TARGETED_DEVICE_FAMILY = 1;
			};
			name = Debug;
		};
		897AD56625E52F8B0096AA9E /* Release */ = {
			isa = XCBuildConfiguration;
			baseConfigurationReference = 9F3C13AB874F8C7B3FD3AE4B /* Pods-PokeApp.release.xcconfig */;
			buildSettings = {
				ASSETCATALOG_COMPILER_APPICON_NAME = AppIcon;
				ASSETCATALOG_COMPILER_GLOBAL_ACCENT_COLOR_NAME = AccentColor;
				CODE_SIGN_STYLE = Automatic;
				DEVELOPMENT_TEAM = LPWYF22VV5;
				INFOPLIST_FILE = PokeApp/Info.plist;
				LD_RUNPATH_SEARCH_PATHS = (
					"$(inherited)",
					"@executable_path/Frameworks",
				);
				PRODUCT_BUNDLE_IDENTIFIER = me.luistejada.PokeApp;
				PRODUCT_NAME = "$(TARGET_NAME)";
				SWIFT_VERSION = 5.0;
				TARGETED_DEVICE_FAMILY = 1;
			};
			name = Release;
		};
		897AD56825E52F8B0096AA9E /* Debug */ = {
			isa = XCBuildConfiguration;
			baseConfigurationReference = 1FF90FDCB0537F95DBA2C4EE /* Pods-PokeAppTests.debug.xcconfig */;
			buildSettings = {
				ALWAYS_EMBED_SWIFT_STANDARD_LIBRARIES = YES;
				BUNDLE_LOADER = "$(TEST_HOST)";
				CODE_SIGN_STYLE = Automatic;
				DEVELOPMENT_TEAM = LPWYF22VV5;
				INFOPLIST_FILE = PokeAppTests/Info.plist;
				IPHONEOS_DEPLOYMENT_TARGET = 14.4;
				LD_RUNPATH_SEARCH_PATHS = (
					"$(inherited)",
					"@executable_path/Frameworks",
					"@loader_path/Frameworks",
				);
				PRODUCT_BUNDLE_IDENTIFIER = me.luistejada.PokeAppTests;
				PRODUCT_NAME = "$(TARGET_NAME)";
				SWIFT_VERSION = 5.0;
				TARGETED_DEVICE_FAMILY = "1,2";
				TEST_HOST = "$(BUILT_PRODUCTS_DIR)/PokeApp.app/PokeApp";
			};
			name = Debug;
		};
		897AD56925E52F8B0096AA9E /* Release */ = {
			isa = XCBuildConfiguration;
			baseConfigurationReference = DA36B64051C209E8BB0189EC /* Pods-PokeAppTests.release.xcconfig */;
			buildSettings = {
				ALWAYS_EMBED_SWIFT_STANDARD_LIBRARIES = YES;
				BUNDLE_LOADER = "$(TEST_HOST)";
				CODE_SIGN_STYLE = Automatic;
				DEVELOPMENT_TEAM = LPWYF22VV5;
				INFOPLIST_FILE = PokeAppTests/Info.plist;
				IPHONEOS_DEPLOYMENT_TARGET = 14.4;
				LD_RUNPATH_SEARCH_PATHS = (
					"$(inherited)",
					"@executable_path/Frameworks",
					"@loader_path/Frameworks",
				);
				PRODUCT_BUNDLE_IDENTIFIER = me.luistejada.PokeAppTests;
				PRODUCT_NAME = "$(TARGET_NAME)";
				SWIFT_VERSION = 5.0;
				TARGETED_DEVICE_FAMILY = "1,2";
				TEST_HOST = "$(BUILT_PRODUCTS_DIR)/PokeApp.app/PokeApp";
			};
			name = Release;
		};
		897AD56B25E52F8B0096AA9E /* Debug */ = {
			isa = XCBuildConfiguration;
			baseConfigurationReference = 77A602DB6B03998A18B24A86 /* Pods-PokeApp-PokeAppUITests.debug.xcconfig */;
			buildSettings = {
				ALWAYS_EMBED_SWIFT_STANDARD_LIBRARIES = YES;
				CODE_SIGN_STYLE = Automatic;
				DEVELOPMENT_TEAM = LPWYF22VV5;
				INFOPLIST_FILE = PokeAppUITests/Info.plist;
				LD_RUNPATH_SEARCH_PATHS = (
					"$(inherited)",
					"@executable_path/Frameworks",
					"@loader_path/Frameworks",
				);
				PRODUCT_BUNDLE_IDENTIFIER = me.luistejada.PokeAppUITests;
				PRODUCT_NAME = "$(TARGET_NAME)";
				SWIFT_VERSION = 5.0;
				TARGETED_DEVICE_FAMILY = "1,2";
				TEST_TARGET_NAME = PokeApp;
			};
			name = Debug;
		};
		897AD56C25E52F8B0096AA9E /* Release */ = {
			isa = XCBuildConfiguration;
			baseConfigurationReference = F70B811F1AEC8F752A888DE6 /* Pods-PokeApp-PokeAppUITests.release.xcconfig */;
			buildSettings = {
				ALWAYS_EMBED_SWIFT_STANDARD_LIBRARIES = YES;
				CODE_SIGN_STYLE = Automatic;
				DEVELOPMENT_TEAM = LPWYF22VV5;
				INFOPLIST_FILE = PokeAppUITests/Info.plist;
				LD_RUNPATH_SEARCH_PATHS = (
					"$(inherited)",
					"@executable_path/Frameworks",
					"@loader_path/Frameworks",
				);
				PRODUCT_BUNDLE_IDENTIFIER = me.luistejada.PokeAppUITests;
				PRODUCT_NAME = "$(TARGET_NAME)";
				SWIFT_VERSION = 5.0;
				TARGETED_DEVICE_FAMILY = "1,2";
				TEST_TARGET_NAME = PokeApp;
			};
			name = Release;
		};
/* End XCBuildConfiguration section */

/* Begin XCConfigurationList section */
		897AD53525E52F880096AA9E /* Build configuration list for PBXProject "PokeApp" */ = {
			isa = XCConfigurationList;
			buildConfigurations = (
				897AD56225E52F8B0096AA9E /* Debug */,
				897AD56325E52F8B0096AA9E /* Release */,
			);
			defaultConfigurationIsVisible = 0;
			defaultConfigurationName = Release;
		};
		897AD56425E52F8B0096AA9E /* Build configuration list for PBXNativeTarget "PokeApp" */ = {
			isa = XCConfigurationList;
			buildConfigurations = (
				897AD56525E52F8B0096AA9E /* Debug */,
				897AD56625E52F8B0096AA9E /* Release */,
			);
			defaultConfigurationIsVisible = 0;
			defaultConfigurationName = Release;
		};
		897AD56725E52F8B0096AA9E /* Build configuration list for PBXNativeTarget "PokeAppTests" */ = {
			isa = XCConfigurationList;
			buildConfigurations = (
				897AD56825E52F8B0096AA9E /* Debug */,
				897AD56925E52F8B0096AA9E /* Release */,
			);
			defaultConfigurationIsVisible = 0;
			defaultConfigurationName = Release;
		};
		897AD56A25E52F8B0096AA9E /* Build configuration list for PBXNativeTarget "PokeAppUITests" */ = {
			isa = XCConfigurationList;
			buildConfigurations = (
				897AD56B25E52F8B0096AA9E /* Debug */,
				897AD56C25E52F8B0096AA9E /* Release */,
			);
			defaultConfigurationIsVisible = 0;
			defaultConfigurationName = Release;
		};
/* End XCConfigurationList section */
	};
	rootObject = 897AD53225E52F880096AA9E /* Project object */;
}
